{
  "object": {
    "pins": [
      {
        "package": "Slugify",
        "repositoryURL": "https://github.com/lgryl/Slugify",
        "state": {
          "branch": null,
          "revision": "54b0f22bb445385ae8f89bbbcc1e7906fb3b6bdf",
          "version": "0.1.0"
        }
      },
      {
        "package": "swift-argument-parser",
        "repositoryURL": "https://github.com/apple/swift-argument-parser",
        "state": {
          "branch": null,
          "revision": "e1465042f195f374b94f915ba8ca49de24300a0d",
          "version": "1.0.2"
        }
      }
    ]
  },
  "version": 1
}
